
Microsoft Visual Studio Solution File, Format Version 12.00
# Visual Studio Version 16
VisualStudioVersion = 16.0.31019.35
MinimumVisualStudioVersion = 10.0.40219.1
Project("{9A19103F-16F7-4668-BE54-9A1E7A4F7556}") = "HaleyIOC", "HaleyIOC\HaleyIOC.csproj", "{7B7C1B4A-B129-43A8-8957-6EB11EC76BC0}"
EndProject
Project("{9A19103F-16F7-4668-BE54-9A1E7A4F7556}") = "HaleyExtensions", "..\HaleyExtensions\HaleyExtensions\HaleyExtensions.csproj", "{1868CAF1-1F5D-478A-8CC3-375AFAEA9EBA}"
EndProject
Project("{9A19103F-16F7-4668-BE54-9A1E7A4F7556}") = "HaleyAbstractions", "..\HaleyAbstractions\HaleyAbstractions\HaleyAbstractions.csproj", "{A433494F-86B5-429F-903D-EF6A6B370EBF}"
EndProject
Global
	GlobalSection(SolutionConfigurationPlatforms) = preSolution
		Debug|Any CPU = Debug|Any CPU
		Release|Any CPU = Release|Any CPU
	EndGlobalSection
	GlobalSection(ProjectConfigurationPlatforms) = postSolution
		{7B7C1B4A-B129-43A8-8957-6EB11EC76BC0}.Debug|Any CPU.ActiveCfg = Debug|Any CPU
		{7B7C1B4A-B129-43A8-8957-6EB11EC76BC0}.Debug|Any CPU.Build.0 = Debug|Any CPU
		{7B7C1B4A-B129-43A8-8957-6EB11EC76BC0}.Release|Any CPU.ActiveCfg = Release|Any CPU
		{7B7C1B4A-B129-43A8-8957-6EB11EC76BC0}.Release|Any CPU.Build.0 = Release|Any CPU
		{1868CAF1-1F5D-478A-8CC3-375AFAEA9EBA}.Debug|Any CPU.ActiveCfg = Debug|Any CPU
		{1868CAF1-1F5D-478A-8CC3-375AFAEA9EBA}.Debug|Any CPU.Build.0 = Debug|Any CPU
		{1868CAF1-1F5D-478A-8CC3-375AFAEA9EBA}.Release|Any CPU.ActiveCfg = Release|Any CPU
		{1868CAF1-1F5D-478A-8CC3-375AFAEA9EBA}.Release|Any CPU.Build.0 = Release|Any CPU
		{A433494F-86B5-429F-903D-EF6A6B370EBF}.Debug|Any CPU.ActiveCfg = Debug|Any CPU
		{A433494F-86B5-429F-903D-EF6A6B370EBF}.Debug|Any CPU.Build.0 = Debug|Any CPU
		{A433494F-86B5-429F-903D-EF6A6B370EBF}.Release|Any CPU.ActiveCfg = Release|Any CPU
		{A433494F-86B5-429F-903D-EF6A6B370EBF}.Release|Any CPU.Build.0 = Release|Any CPU
	EndGlobalSection
	GlobalSection(SolutionProperties) = preSolution
		HideSolutionNode = FALSE
	EndGlobalSection
	GlobalSection(ExtensibilityGlobals) = postSolution
		SolutionGuid = {2D992CC4-7837-4664-A260-F38CD8C93746}
	EndGlobalSection
EndGlobal
